
Microsoft Visual Studio Solution File, Format Version 12.00
# Visual Studio 15
VisualStudioVersion = 15.0.27004.2009
MinimumVisualStudioVersion = 10.0.40219.1
Project("{FAE04EC0-301F-11D3-BF4B-00C04F79EFBC}") = "HospitalDevexpress", "HospitalDevexpress\HospitalDevexpress.csproj", "{C874FCDE-7ACD-40FE-9301-4CD1C9AEAB82}"
EndProject
Project("{FAE04EC0-301F-11D3-BF4B-00C04F79EFBC}") = "HospitalWcfService", "HospitalWcfService\HospitalWcfService.csproj", "{77BC1E12-0568-42ED-A9BC-8E69BB0DD8ED}"
EndProject
Global
	GlobalSection(SolutionConfigurationPlatforms) = preSolution
		Debug|Any CPU = Debug|Any CPU
		Release|Any CPU = Release|Any CPU
	EndGlobalSection
	GlobalSection(ProjectConfigurationPlatforms) = postSolution
		{C874FCDE-7ACD-40FE-9301-4CD1C9AEAB82}.Debug|Any CPU.ActiveCfg = Debug|Any CPU
		{C874FCDE-7ACD-40FE-9301-4CD1C9AEAB82}.Debug|Any CPU.Build.0 = Debug|Any CPU
		{C874FCDE-7ACD-40FE-9301-4CD1C9AEAB82}.Release|Any CPU.ActiveCfg = Release|Any CPU
		{C874FCDE-7ACD-40FE-9301-4CD1C9AEAB82}.Release|Any CPU.Build.0 = Release|Any CPU
		{77BC1E12-0568-42ED-A9BC-8E69BB0DD8ED}.Debug|Any CPU.ActiveCfg = Debug|Any CPU
		{77BC1E12-0568-42ED-A9BC-8E69BB0DD8ED}.Debug|Any CPU.Build.0 = Debug|Any CPU
		{77BC1E12-0568-42ED-A9BC-8E69BB0DD8ED}.Release|Any CPU.ActiveCfg = Release|Any CPU
		{77BC1E12-0568-42ED-A9BC-8E69BB0DD8ED}.Release|Any CPU.Build.0 = Release|Any CPU
	EndGlobalSection
	GlobalSection(SolutionProperties) = preSolution
		HideSolutionNode = FALSE
	EndGlobalSection
	GlobalSection(ExtensibilityGlobals) = postSolution
		SolutionGuid = {E5B59419-CD3E-44F2-9673-E2C1BCA65386}
	EndGlobalSection
EndGlobal
